
Microsoft Visual Studio Solution File, Format Version 12.00
# Visual Studio Version 17
VisualStudioVersion = 17.11.35327.3
MinimumVisualStudioVersion = 10.0.40219.1
Project("{FAE04EC0-301F-11D3-BF4B-00C04F79EFBC}") = "ex13", "ex13.csproj", "{18059C5B-2417-42F4-A1FD-C0698CE3CDBD}"
EndProject
Global
	GlobalSection(SolutionConfigurationPlatforms) = preSolution
		Debug|Any CPU = Debug|Any CPU
		Release|Any CPU = Release|Any CPU
	EndGlobalSection
	GlobalSection(ProjectConfigurationPlatforms) = postSolution
		{18059C5B-2417-42F4-A1FD-C0698CE3CDBD}.Debug|Any CPU.ActiveCfg = Debug|Any CPU
		{18059C5B-2417-42F4-A1FD-C0698CE3CDBD}.Debug|Any CPU.Build.0 = Debug|Any CPU
		{18059C5B-2417-42F4-A1FD-C0698CE3CDBD}.Release|Any CPU.ActiveCfg = Release|Any CPU
		{18059C5B-2417-42F4-A1FD-C0698CE3CDBD}.Release|Any CPU.Build.0 = Release|Any CPU
	EndGlobalSection
	GlobalSection(SolutionProperties) = preSolution
		HideSolutionNode = FALSE
	EndGlobalSection
	GlobalSection(ExtensibilityGlobals) = postSolution
		SolutionGuid = {4528DC48-2CE6-477D-A920-52251F3698B2}
	EndGlobalSection
EndGlobal
