
Microsoft Visual Studio Solution File, Format Version 12.00
# Visual Studio Version 17
VisualStudioVersion = 17.11.35327.3
MinimumVisualStudioVersion = 10.0.40219.1
Project("{FAE04EC0-301F-11D3-BF4B-00C04F79EFBC}") = "Ex0013", "Ex0013\Ex0013.csproj", "{5EEE0C53-9622-4A4A-A547-E3468FF9938D}"
EndProject
Global
	GlobalSection(SolutionConfigurationPlatforms) = preSolution
		Debug|Any CPU = Debug|Any CPU
		Release|Any CPU = Release|Any CPU
	EndGlobalSection
	GlobalSection(ProjectConfigurationPlatforms) = postSolution
		{5EEE0C53-9622-4A4A-A547-E3468FF9938D}.Debug|Any CPU.ActiveCfg = Debug|Any CPU
		{5EEE0C53-9622-4A4A-A547-E3468FF9938D}.Debug|Any CPU.Build.0 = Debug|Any CPU
		{5EEE0C53-9622-4A4A-A547-E3468FF9938D}.Release|Any CPU.ActiveCfg = Release|Any CPU
		{5EEE0C53-9622-4A4A-A547-E3468FF9938D}.Release|Any CPU.Build.0 = Release|Any CPU
	EndGlobalSection
	GlobalSection(SolutionProperties) = preSolution
		HideSolutionNode = FALSE
	EndGlobalSection
	GlobalSection(ExtensibilityGlobals) = postSolution
		SolutionGuid = {2E1E569B-FAE7-4B93-AF76-7A0507597A73}
	EndGlobalSection
EndGlobal
