
Microsoft Visual Studio Solution File, Format Version 12.00
# Visual Studio Version 17
VisualStudioVersion = 17.11.35327.3
MinimumVisualStudioVersion = 10.0.40219.1
Project("{FAE04EC0-301F-11D3-BF4B-00C04F79EFBC}") = "contador", "contador.csproj", "{19EE0D19-128F-4330-8AE6-7B04CE15853B}"
EndProject
Global
	GlobalSection(SolutionConfigurationPlatforms) = preSolution
		Debug|Any CPU = Debug|Any CPU
		Release|Any CPU = Release|Any CPU
	EndGlobalSection
	GlobalSection(ProjectConfigurationPlatforms) = postSolution
		{19EE0D19-128F-4330-8AE6-7B04CE15853B}.Debug|Any CPU.ActiveCfg = Debug|Any CPU
		{19EE0D19-128F-4330-8AE6-7B04CE15853B}.Debug|Any CPU.Build.0 = Debug|Any CPU
		{19EE0D19-128F-4330-8AE6-7B04CE15853B}.Release|Any CPU.ActiveCfg = Release|Any CPU
		{19EE0D19-128F-4330-8AE6-7B04CE15853B}.Release|Any CPU.Build.0 = Release|Any CPU
	EndGlobalSection
	GlobalSection(SolutionProperties) = preSolution
		HideSolutionNode = FALSE
	EndGlobalSection
	GlobalSection(ExtensibilityGlobals) = postSolution
		SolutionGuid = {04F10543-CC94-4027-A060-C95F4139A33E}
	EndGlobalSection
EndGlobal
