
Microsoft Visual Studio Solution File, Format Version 12.00
# Visual Studio Version 17
VisualStudioVersion = 17.11.35327.3
MinimumVisualStudioVersion = 10.0.40219.1
Project("{FAE04EC0-301F-11D3-BF4B-00C04F79EFBC}") = "ex0015", "ex0015.csproj", "{638316BE-CA00-44C5-9373-9757514754C9}"
EndProject
Global
	GlobalSection(SolutionConfigurationPlatforms) = preSolution
		Debug|Any CPU = Debug|Any CPU
		Release|Any CPU = Release|Any CPU
	EndGlobalSection
	GlobalSection(ProjectConfigurationPlatforms) = postSolution
		{638316BE-CA00-44C5-9373-9757514754C9}.Debug|Any CPU.ActiveCfg = Debug|Any CPU
		{638316BE-CA00-44C5-9373-9757514754C9}.Debug|Any CPU.Build.0 = Debug|Any CPU
		{638316BE-CA00-44C5-9373-9757514754C9}.Release|Any CPU.ActiveCfg = Release|Any CPU
		{638316BE-CA00-44C5-9373-9757514754C9}.Release|Any CPU.Build.0 = Release|Any CPU
	EndGlobalSection
	GlobalSection(SolutionProperties) = preSolution
		HideSolutionNode = FALSE
	EndGlobalSection
	GlobalSection(ExtensibilityGlobals) = postSolution
		SolutionGuid = {02897D44-65CE-4968-B514-92ABF3F5A153}
	EndGlobalSection
EndGlobal
